// !$*UTF8*$!
{
	archiveVersion = 1;
	classes = {
	};
	objectVersion = 46;
	objects = {

/* Begin PBXBuildFile section */
		1EBC23BD1B8EAFFE00F6DCDA /* AppDelegate.swift in Sources */ = {isa = PBXBuildFile; fileRef = 1EBC23BC1B8EAFFE00F6DCDA /* AppDelegate.swift */; };
		1EBC23BF1B8EAFFE00F6DCDA /* ViewController.swift in Sources */ = {isa = PBXBuildFile; fileRef = 1EBC23BE1B8EAFFE00F6DCDA /* ViewController.swift */; };
		1EBC23C21B8EAFFE00F6DCDA /* Main.storyboard in Resources */ = {isa = PBXBuildFile; fileRef = 1EBC23C01B8EAFFE00F6DCDA /* Main.storyboard */; };
		1EBC23C41B8EAFFE00F6DCDA /* Images.xcassets in Resources */ = {isa = PBXBuildFile; fileRef = 1EBC23C31B8EAFFE00F6DCDA /* Images.xcassets */; };
		1EBC23C71B8EAFFE00F6DCDA /* LaunchScreen.xib in Resources */ = {isa = PBXBuildFile; fileRef = 1EBC23C51B8EAFFE00F6DCDA /* LaunchScreen.xib */; };
		1EBC23D31B8EAFFE00F6DCDA /* HXActionSheetViewTests.swift in Sources */ = {isa = PBXBuildFile; fileRef = 1EBC23D21B8EAFFE00F6DCDA /* HXActionSheetViewTests.swift */; };
/* End PBXBuildFile section */

/* Begin PBXContainerItemProxy section */
		1EBC23CD1B8EAFFE00F6DCDA /* PBXContainerItemProxy */ = {
			isa = PBXContainerItemProxy;
			containerPortal = 1EBC23AF1B8EAFFD00F6DCDA /* Project object */;
			proxyType = 1;
			remoteGlobalIDString = 1EBC23B61B8EAFFD00F6DCDA;
			remoteInfo = HXActionSheetView;
		};
/* End PBXContainerItemProxy section */

/* Begin PBXFileReference section */
		1EBC23B71B8EAFFD00F6DCDA /* HXActionSheetView.app */ = {isa = PBXFileReference; explicitFileType = wrapper.application; includeInIndex = 0; path = HXActionSheetView.app; sourceTree = BUILT_PRODUCTS_DIR; };
		1EBC23BB1B8EAFFD00F6DCDA /* Info.plist */ = {isa = PBXFileReference; lastKnownFileType = text.plist.xml; path = Info.plist; sourceTree = "<group>"; };
		1EBC23BC1B8EAFFE00F6DCDA /* AppDelegate.swift */ = {isa = PBXFileReference; lastKnownFileType = sourcecode.swift; path = AppDelegate.swift; sourceTree = "<group>"; };
		1EBC23BE1B8EAFFE00F6DCDA /* ViewController.swift */ = {isa = PBXFileReference; lastKnownFileType = sourcecode.swift; path = ViewController.swift; sourceTree = "<group>"; };
		1EBC23C11B8EAFFE00F6DCDA /* Base */ = {isa = PBXFileReference; lastKnownFileType = file.storyboard; name = Base; path = Base.lproj/Main.storyboard; sourceTree = "<group>"; };
		1EBC23C31B8EAFFE00F6DCDA /* Images.xcassets */ = {isa = PBXFileReference; lastKnownFileType = folder.assetcatalog; path = Images.xcassets; sourceTree = "<group>"; };
		1EBC23C61B8EAFFE00F6DCDA /* Base */ = {isa = PBXFileReference; lastKnownFileType = file.xib; name = Base; path = Base.lproj/LaunchScreen.xib; sourceTree = "<group>"; };
		1EBC23CC1B8EAFFE00F6DCDA /* HXActionSheetViewTests.xctest */ = {isa = PBXFileReference; explicitFileType = wrapper.cfbundle; includeInIndex = 0; path = HXActionSheetViewTests.xctest; sourceTree = BUILT_PRODUCTS_DIR; };
		1EBC23D11B8EAFFE00F6DCDA /* Info.plist */ = {isa = PBXFileReference; lastKnownFileType = text.plist.xml; path = Info.plist; sourceTree = "<group>"; };
		1EBC23D21B8EAFFE00F6DCDA /* HXActionSheetViewTests.swift */ = {isa = PBXFileReference; lastKnownFileType = sourcecode.swift; path = HXActionSheetViewTests.swift; sourceTree = "<group>"; };
/* End PBXFileReference section */

/* Begin PBXFrameworksBuildPhase section */
		1EBC23B41B8EAFFD00F6DCDA /* Frameworks */ = {
			isa = PBXFrameworksBuildPhase;
			buildActionMask = 2147483647;
			files = (
			);
			runOnlyForDeploymentPostprocessing = 0;
		};
		1EBC23C91B8EAFFE00F6DCDA /* Frameworks */ = {
			isa = PBXFrameworksBuildPhase;
			buildActionMask = 2147483647;
			files = (
			);
			runOnlyForDeploymentPostprocessing = 0;
		};
/* End PBXFrameworksBuildPhase section */

/* Begin PBXGroup section */
		1EBC23AE1B8EAFFD00F6DCDA = {
			isa = PBXGroup;
			children = (
				1EBC23B91B8EAFFD00F6DCDA /* HXActionSheetView */,
				1EBC23CF1B8EAFFE00F6DCDA /* HXActionSheetViewTests */,
				1EBC23B81B8EAFFD00F6DCDA /* Products */,
			);
			sourceTree = "<group>";
		};
		1EBC23B81B8EAFFD00F6DCDA /* Products */ = {
			isa = PBXGroup;
			children = (
				1EBC23B71B8EAFFD00F6DCDA /* HXActionSheetView.app */,
				1EBC23CC1B8EAFFE00F6DCDA /* HXActionSheetViewTests.xctest */,
			);
			name = Products;
			sourceTree = "<group>";
		};
		1EBC23B91B8EAFFD00F6DCDA /* HXActionSheetView */ = {
			isa = PBXGroup;
			children = (
				1EBC23BC1B8EAFFE00F6DCDA /* AppDelegate.swift */,
				1EBC23BE1B8EAFFE00F6DCDA /* ViewController.swift */,
				1EBC23C01B8EAFFE00F6DCDA /* Main.storyboard */,
				1EBC23C31B8EAFFE00F6DCDA /* Images.xcassets */,
				1EBC23C51B8EAFFE00F6DCDA /* LaunchScreen.xib */,
				1EBC23BA1B8EAFFD00F6DCDA /* Supporting Files */,
			);
			path = HXActionSheetView;
			sourceTree = "<group>";
		};
		1EBC23BA1B8EAFFD00F6DCDA /* Supporting Files */ = {
			isa = PBXGroup;
			children = (
				1EBC23BB1B8EAFFD00F6DCDA /* Info.plist */,
			);
			name = "Supporting Files";
			sourceTree = "<group>";
		};
		1EBC23CF1B8EAFFE00F6DCDA /* HXActionSheetViewTests */ = {
			isa = PBXGroup;
			children = (
				1EBC23D21B8EAFFE00F6DCDA /* HXActionSheetViewTests.swift */,
				1EBC23D01B8EAFFE00F6DCDA /* Supporting Files */,
			);
			path = HXActionSheetViewTests;
			sourceTree = "<group>";
		};
		1EBC23D01B8EAFFE00F6DCDA /* Supporting Files */ = {
			isa = PBXGroup;
			children = (
				1EBC23D11B8EAFFE00F6DCDA /* Info.plist */,
			);
			name = "Supporting Files";
			sourceTree = "<group>";
		};
/* End PBXGroup section */

/* Begin PBXNativeTarget section */
		1EBC23B61B8EAFFD00F6DCDA /* HXActionSheetView */ = {
			isa = PBXNativeTarget;
			buildConfigurationList = 1EBC23D61B8EAFFE00F6DCDA /* Build configuration list for PBXNativeTarget "HXActionSheetView" */;
			buildPhases = (
				1EBC23B31B8EAFFD00F6DCDA /* Sources */,
				1EBC23B41B8EAFFD00F6DCDA /* Frameworks */,
				1EBC23B51B8EAFFD00F6DCDA /* Resources */,
			);
			buildRules = (
			);
			dependencies = (
			);
			name = HXActionSheetView;
			productName = HXActionSheetView;
			productReference = 1EBC23B71B8EAFFD00F6DCDA /* HXActionSheetView.app */;
			productType = "com.apple.product-type.application";
		};
		1EBC23CB1B8EAFFE00F6DCDA /* HXActionSheetViewTests */ = {
			isa = PBXNativeTarget;
			buildConfigurationList = 1EBC23D91B8EAFFE00F6DCDA /* Build configuration list for PBXNativeTarget "HXActionSheetViewTests" */;
			buildPhases = (
				1EBC23C81B8EAFFE00F6DCDA /* Sources */,
				1EBC23C91B8EAFFE00F6DCDA /* Frameworks */,
				1EBC23CA1B8EAFFE00F6DCDA /* Resources */,
			);
			buildRules = (
			);
			dependencies = (
				1EBC23CE1B8EAFFE00F6DCDA /* PBXTargetDependency */,
			);
			name = HXActionSheetViewTests;
			productName = HXActionSheetViewTests;
			productReference = 1EBC23CC1B8EAFFE00F6DCDA /* HXActionSheetViewTests.xctest */;
			productType = "com.apple.product-type.bundle.unit-test";
		};
/* End PBXNativeTarget section */

/* Begin PBXProject section */
		1EBC23AF1B8EAFFD00F6DCDA /* Project object */ = {
			isa = PBXProject;
			attributes = {
				LastUpgradeCheck = 0640;
				ORGANIZATIONNAME = wangwang;
				TargetAttributes = {
					1EBC23B61B8EAFFD00F6DCDA = {
						CreatedOnToolsVersion = 6.4;
					};
					1EBC23CB1B8EAFFE00F6DCDA = {
						CreatedOnToolsVersion = 6.4;
						TestTargetID = 1EBC23B61B8EAFFD00F6DCDA;
					};
				};
			};
			buildConfigurationList = 1EBC23B21B8EAFFD00F6DCDA /* Build configuration list for PBXProject "HXActionSheetView" */;
			compatibilityVersion = "Xcode 3.2";
			developmentRegion = English;
			hasScannedForEncodings = 0;
			knownRegions = (
				en,
				Base,
			);
			mainGroup = 1EBC23AE1B8EAFFD00F6DCDA;
			productRefGroup = 1EBC23B81B8EAFFD00F6DCDA /* Products */;
			projectDirPath = "";
			projectRoot = "";
			targets = (
				1EBC23B61B8EAFFD00F6DCDA /* HXActionSheetView */,
				1EBC23CB1B8EAFFE00F6DCDA /* HXActionSheetViewTests */,
			);
		};
/* End PBXProject section */

/* Begin PBXResourcesBuildPhase section */
		1EBC23B51B8EAFFD00F6DCDA /* Resources */ = {
			isa = PBXResourcesBuildPhase;
			buildActionMask = 2147483647;
			files = (
				1EBC23C21B8EAFFE00F6DCDA /* Main.storyboard in Resources */,
				1EBC23C71B8EAFFE00F6DCDA /* LaunchScreen.xib in Resources */,
				1EBC23C41B8EAFFE00F6DCDA /* Images.xcassets in Resources */,
			);
			runOnlyForDeploymentPostprocessing = 0;
		};
		1EBC23CA1B8EAFFE00F6DCDA /* Resources */ = {
			isa = PBXResourcesBuildPhase;
			buildActionMask = 2147483647;
			files = (
			);
			runOnlyForDeploymentPostprocessing = 0;
		};
/* End PBXResourcesBuildPhase section */

/* Begin PBXSourcesBuildPhase section */
		1EBC23B31B8EAFFD00F6DCDA /* Sources */ = {
			isa = PBXSourcesBuildPhase;
			buildActionMask = 2147483647;
			files = (
				1EBC23BF1B8EAFFE00F6DCDA /* ViewController.swift in Sources */,
				1EBC23BD1B8EAFFE00F6DCDA /* AppDelegate.swift in Sources */,
			);
			runOnlyForDeploymentPostprocessing = 0;
		};
		1EBC23C81B8EAFFE00F6DCDA /* Sources */ = {
			isa = PBXSourcesBuildPhase;
			buildActionMask = 2147483647;
			files = (
				1EBC23D31B8EAFFE00F6DCDA /* HXActionSheetViewTests.swift in Sources */,
			);
			runOnlyForDeploymentPostprocessing = 0;
		};
/* End PBXSourcesBuildPhase section */

/* Begin PBXTargetDependency section */
		1EBC23CE1B8EAFFE00F6DCDA /* PBXTargetDependency */ = {
			isa = PBXTargetDependency;
			target = 1EBC23B61B8EAFFD00F6DCDA /* HXActionSheetView */;
			targetProxy = 1EBC23CD1B8EAFFE00F6DCDA /* PBXContainerItemProxy */;
		};
/* End PBXTargetDependency section */

/* Begin PBXVariantGroup section */
		1EBC23C01B8EAFFE00F6DCDA /* Main.storyboard */ = {
			isa = PBXVariantGroup;
			children = (
				1EBC23C11B8EAFFE00F6DCDA /* Base */,
			);
			name = Main.storyboard;
			sourceTree = "<group>";
		};
		1EBC23C51B8EAFFE00F6DCDA /* LaunchScreen.xib */ = {
			isa = PBXVariantGroup;
			children = (
				1EBC23C61B8EAFFE00F6DCDA /* Base */,
			);
			name = LaunchScreen.xib;
			sourceTree = "<group>";
		};
/* End PBXVariantGroup section */

/* Begin XCBuildConfiguration section */
		1EBC23D41B8EAFFE00F6DCDA /* Debug */ = {
			isa = XCBuildConfiguration;
			buildSettings = {
				ALWAYS_SEARCH_USER_PATHS = NO;
				CLANG_CXX_LANGUAGE_STANDARD = "gnu++0x";
				CLANG_CXX_LIBRARY = "libc++";
				CLANG_ENABLE_MODULES = YES;
				CLANG_ENABLE_OBJC_ARC = YES;
				CLANG_WARN_BOOL_CONVERSION = YES;
				CLANG_WARN_CONSTANT_CONVERSION = YES;
				CLANG_WARN_DIRECT_OBJC_ISA_USAGE = YES_ERROR;
				CLANG_WARN_EMPTY_BODY = YES;
				CLANG_WARN_ENUM_CONVERSION = YES;
				CLANG_WARN_INT_CONVERSION = YES;
				CLANG_WARN_OBJC_ROOT_CLASS = YES_ERROR;
				CLANG_WARN_UNREACHABLE_CODE = YES;
				CLANG_WARN__DUPLICATE_METHOD_MATCH = YES;
				"CODE_SIGN_IDENTITY[sdk=iphoneos*]" = "iPhone Developer";
				COPY_PHASE_STRIP = NO;
				DEBUG_INFORMATION_FORMAT = "dwarf-with-dsym";
				ENABLE_STRICT_OBJC_MSGSEND = YES;
				GCC_C_LANGUAGE_STANDARD = gnu99;
				GCC_DYNAMIC_NO_PIC = NO;
				GCC_NO_COMMON_BLOCKS = YES;
				GCC_OPTIMIZATION_LEVEL = 0;
				GCC_PREPROCESSOR_DEFINITIONS = (
					"DEBUG=1",
					"$(inherited)",
				);
				GCC_SYMBOLS_PRIVATE_EXTERN = NO;
				GCC_WARN_64_TO_32_BIT_CONVERSION = YES;
				GCC_WARN_ABOUT_RETURN_TYPE = YES_ERROR;
				GCC_WARN_UNDECLARED_SELECTOR = YES;
				GCC_WARN_UNINITIALIZED_AUTOS = YES_AGGRESSIVE;
				GCC_WARN_UNUSED_FUNCTION = YES;
				GCC_WARN_UNUSED_VARIABLE = YES;
				IPHONEOS_DEPLOYMENT_TARGET = 8.4;
				MTL_ENABLE_DEBUG_INFO = YES;
				ONLY_ACTIVE_ARCH = YES;
				SDKROOT = iphoneos;
				SWIFT_OPTIMIZATION_LEVEL = "-Onone";
			};
			name = Debug;
		};
		1EBC23D51B8EAFFE00F6DCDA /* Release */ = {
			isa = XCBuildConfiguration;
			buildSettings = {
				ALWAYS_SEARCH_USER_PATHS = NO;
				CLANG_CXX_LANGUAGE_STANDARD = "gnu++0x";
				CLANG_CXX_LIBRARY = "libc++";
				CLANG_ENABLE_MODULES = YES;
				CLANG_ENABLE_OBJC_ARC = YES;
				CLANG_WARN_BOOL_CONVERSION = YES;
				CLANG_WARN_CONSTANT_CONVERSION = YES;
				CLANG_WARN_DIRECT_OBJC_ISA_USAGE = YES_ERROR;
				CLANG_WARN_EMPTY_BODY = YES;
				CLANG_WARN_ENUM_CONVERSION = YES;
				CLANG_WARN_INT_CONVERSION = YES;
				CLANG_WARN_OBJC_ROOT_CLASS = YES_ERROR;
				CLANG_WARN_UNREACHABLE_CODE = YES;
				CLANG_WARN__DUPLICATE_METHOD_MATCH = YES;
				"CODE_SIGN_IDENTITY[sdk=iphoneos*]" = "iPhone Developer";
				COPY_PHASE_STRIP = NO;
				DEBUG_INFORMATION_FORMAT = "dwarf-with-dsym";
				ENABLE_NS_ASSERTIONS = NO;
				ENABLE_STRICT_OBJC_MSGSEND = YES;
				GCC_C_LANGUAGE_STANDARD = gnu99;
				GCC_NO_COMMON_BLOCKS = YES;
				GCC_WARN_64_TO_32_BIT_CONVERSION = YES;
				GCC_WARN_ABOUT_RETURN_TYPE = YES_ERROR;
				GCC_WARN_UNDECLARED_SELECTOR = YES;
				GCC_WARN_UNINITIALIZED_AUTOS = YES_AGGRESSIVE;
				GCC_WARN_UNUSED_FUNCTION = YES;
				GCC_WARN_UNUSED_VARIABLE = YES;
				IPHONEOS_DEPLOYMENT_TARGET = 8.4;
				MTL_ENABLE_DEBUG_INFO = NO;
				SDKROOT = iphoneos;
				VALIDATE_PRODUCT = YES;
			};
			name = Release;
		};
		1EBC23D71B8EAFFE00F6DCDA /* Debug */ = {
			isa = XCBuildConfiguration;
			buildSettings = {
				ASSETCATALOG_COMPILER_APPICON_NAME = AppIcon;
				INFOPLIST_FILE = HXActionSheetView/Info.plist;
				LD_RUNPATH_SEARCH_PATHS = "$(inherited) @executable_path/Frameworks";
				PRODUCT_NAME = "$(TARGET_NAME)";
			};
			name = Debug;
		};
		1EBC23D81B8EAFFE00F6DCDA /* Release */ = {
			isa = XCBuildConfiguration;
			buildSettings = {
				ASSETCATALOG_COMPILER_APPICON_NAME = AppIcon;
				INFOPLIST_FILE = HXActionSheetView/Info.plist;
				LD_RUNPATH_SEARCH_PATHS = "$(inherited) @executable_path/Frameworks";
				PRODUCT_NAME = "$(TARGET_NAME)";
			};
			name = Release;
		};
		1EBC23DA1B8EAFFE00F6DCDA /* Debug */ = {
			isa = XCBuildConfiguration;
			buildSettings = {
				BUNDLE_LOADER = "$(TEST_HOST)";
				FRAMEWORK_SEARCH_PATHS = (
					"$(SDKROOT)/Developer/Library/Frameworks",
					"$(inherited)",
				);
				GCC_PREPROCESSOR_DEFINITIONS = (
					"DEBUG=1",
					"$(inherited)",
				);
				INFOPLIST_FILE = HXActionSheetViewTests/Info.plist;
				LD_RUNPATH_SEARCH_PATHS = "$(inherited) @executable_path/Frameworks @loader_path/Frameworks";
				PRODUCT_NAME = "$(TARGET_NAME)";
				TEST_HOST = "$(BUILT_PRODUCTS_DIR)/HXActionSheetView.app/HXActionSheetView";
			};
			name = Debug;
		};
		1EBC23DB1B8EAFFE00F6DCDA /* Release */ = {
			isa = XCBuildConfiguration;
			buildSettings = {
				BUNDLE_LOADER = "$(TEST_HOST)";
				FRAMEWORK_SEARCH_PATHS = (
					"$(SDKROOT)/Developer/Library/Frameworks",
					"$(inherited)",
				);
				INFOPLIST_FILE = HXActionSheetViewTests/Info.plist;
				LD_RUNPATH_SEARCH_PATHS = "$(inherited) @executable_path/Frameworks @loader_path/Frameworks";
				PRODUCT_NAME = "$(TARGET_NAME)";
				TEST_HOST = "$(BUILT_PRODUCTS_DIR)/HXActionSheetView.app/HXActionSheetView";
			};
			name = Release;
		};
/* End XCBuildConfiguration section */

/* Begin XCConfigurationList section */
		1EBC23B21B8EAFFD00F6DCDA /* Build configuration list for PBXProject "HXActionSheetView" */ = {
			isa = XCConfigurationList;
			buildConfigurations = (
				1EBC23D41B8EAFFE00F6DCDA /* Debug */,
				1EBC23D51B8EAFFE00F6DCDA /* Release */,
			);
			defaultConfigurationIsVisible = 0;
			defaultConfigurationName = Release;
		};
		1EBC23D61B8EAFFE00F6DCDA /* Build configuration list for PBXNativeTarget "HXActionSheetView" */ = {
			isa = XCConfigurationList;
			buildConfigurations = (
				1EBC23D71B8EAFFE00F6DCDA /* Debug */,
				1EBC23D81B8EAFFE00F6DCDA /* Release */,
			);
			defaultConfigurationIsVisible = 0;
		};
		1EBC23D91B8EAFFE00F6DCDA /* Build configuration list for PBXNativeTarget "HXActionSheetViewTests" */ = {
			isa = XCConfigurationList;
			buildConfigurations = (
				1EBC23DA1B8EAFFE00F6DCDA /* Debug */,
				1EBC23DB1B8EAFFE00F6DCDA /* Release */,
			);
			defaultConfigurationIsVisible = 0;
		};
/* End XCConfigurationList section */
	};
	rootObject = 1EBC23AF1B8EAFFD00F6DCDA /* Project object */;
}
